
Microsoft Visual Studio Solution File, Format Version 12.00
# Visual Studio Version 16
VisualStudioVersion = 16.0.31729.503
MinimumVisualStudioVersion = 10.0.40219.1
Project("{FAE04EC0-301F-11D3-BF4B-00C04F79EFBC}") = "Sİnema", "Sİnema\Sİnema.csproj", "{CC63B430-FBE8-45B9-A094-6459B6AD79B7}"
EndProject
Global
	GlobalSection(SolutionConfigurationPlatforms) = preSolution
		Debug|Any CPU = Debug|Any CPU
		Release|Any CPU = Release|Any CPU
	EndGlobalSection
	GlobalSection(ProjectConfigurationPlatforms) = postSolution
		{CC63B430-FBE8-45B9-A094-6459B6AD79B7}.Debug|Any CPU.ActiveCfg = Debug|Any CPU
		{CC63B430-FBE8-45B9-A094-6459B6AD79B7}.Debug|Any CPU.Build.0 = Debug|Any CPU
		{CC63B430-FBE8-45B9-A094-6459B6AD79B7}.Release|Any CPU.ActiveCfg = Release|Any CPU
		{CC63B430-FBE8-45B9-A094-6459B6AD79B7}.Release|Any CPU.Build.0 = Release|Any CPU
	EndGlobalSection
	GlobalSection(SolutionProperties) = preSolution
		HideSolutionNode = FALSE
	EndGlobalSection
	GlobalSection(ExtensibilityGlobals) = postSolution
		SolutionGuid = {0DAA5755-BECF-4DE7-8FC0-331F354EE807}
	EndGlobalSection
EndGlobal
